
Microsoft Visual Studio Solution File, Format Version 12.00
# Visual Studio Version 17
VisualStudioVersion = 17.0.31912.275
MinimumVisualStudioVersion = 10.0.40219.1
Project("{FAE04EC0-301F-11D3-BF4B-00C04F79EFBC}") = "FileUpload", "FileUpload\FileUpload.csproj", "{E39BCB95-E832-426F-A674-9FCBD8CD735E}"
EndProject
Global
	GlobalSection(SolutionConfigurationPlatforms) = preSolution
		Debug|Any CPU = Debug|Any CPU
		Release|Any CPU = Release|Any CPU
	EndGlobalSection
	GlobalSection(ProjectConfigurationPlatforms) = postSolution
		{E39BCB95-E832-426F-A674-9FCBD8CD735E}.Debug|Any CPU.ActiveCfg = Debug|Any CPU
		{E39BCB95-E832-426F-A674-9FCBD8CD735E}.Debug|Any CPU.Build.0 = Debug|Any CPU
		{E39BCB95-E832-426F-A674-9FCBD8CD735E}.Release|Any CPU.ActiveCfg = Release|Any CPU
		{E39BCB95-E832-426F-A674-9FCBD8CD735E}.Release|Any CPU.Build.0 = Release|Any CPU
	EndGlobalSection
	GlobalSection(SolutionProperties) = preSolution
		HideSolutionNode = FALSE
	EndGlobalSection
	GlobalSection(ExtensibilityGlobals) = postSolution
		SolutionGuid = {55D3F58B-39F4-4860-915E-545DDAEAB5EF}
	EndGlobalSection
EndGlobal
