
Microsoft Visual Studio Solution File, Format Version 12.00
# Visual Studio Version 17
VisualStudioVersion = 17.0.31912.275
MinimumVisualStudioVersion = 10.0.40219.1
Project("{FAE04EC0-301F-11D3-BF4B-00C04F79EFBC}") = "WpfApp2", "WpfApp2\WpfApp2.csproj", "{CDADDFB3-B7EB-4F21-B627-4886A5A53160}"
EndProject
Global
	GlobalSection(SolutionConfigurationPlatforms) = preSolution
		Debug|Any CPU = Debug|Any CPU
		Release|Any CPU = Release|Any CPU
	EndGlobalSection
	GlobalSection(ProjectConfigurationPlatforms) = postSolution
		{CDADDFB3-B7EB-4F21-B627-4886A5A53160}.Debug|Any CPU.ActiveCfg = Debug|Any CPU
		{CDADDFB3-B7EB-4F21-B627-4886A5A53160}.Debug|Any CPU.Build.0 = Debug|Any CPU
		{CDADDFB3-B7EB-4F21-B627-4886A5A53160}.Release|Any CPU.ActiveCfg = Release|Any CPU
		{CDADDFB3-B7EB-4F21-B627-4886A5A53160}.Release|Any CPU.Build.0 = Release|Any CPU
	EndGlobalSection
	GlobalSection(SolutionProperties) = preSolution
		HideSolutionNode = FALSE
	EndGlobalSection
	GlobalSection(ExtensibilityGlobals) = postSolution
		SolutionGuid = {C6237EE3-4EF5-445D-9D34-772BE38DA97C}
	EndGlobalSection
EndGlobal
