
Microsoft Visual Studio Solution File, Format Version 12.00
# Visual Studio Version 17
VisualStudioVersion = 17.0.31912.275
MinimumVisualStudioVersion = 10.0.40219.1
Project("{FAE04EC0-301F-11D3-BF4B-00C04F79EFBC}") = "CRUDListView", "CRUDListView\CRUDListView.csproj", "{BEDEF73B-0153-47E4-B9D4-A3366F9E3766}"
EndProject
Project("{FAE04EC0-301F-11D3-BF4B-00C04F79EFBC}") = "Server", "Server\Server.csproj", "{F19B2651-71CB-4E61-936C-6583A9B43EDE}"
EndProject
Global
	GlobalSection(SolutionConfigurationPlatforms) = preSolution
		Debug|Any CPU = Debug|Any CPU
		Release|Any CPU = Release|Any CPU
	EndGlobalSection
	GlobalSection(ProjectConfigurationPlatforms) = postSolution
		{BEDEF73B-0153-47E4-B9D4-A3366F9E3766}.Debug|Any CPU.ActiveCfg = Debug|Any CPU
		{BEDEF73B-0153-47E4-B9D4-A3366F9E3766}.Debug|Any CPU.Build.0 = Debug|Any CPU
		{BEDEF73B-0153-47E4-B9D4-A3366F9E3766}.Release|Any CPU.ActiveCfg = Release|Any CPU
		{BEDEF73B-0153-47E4-B9D4-A3366F9E3766}.Release|Any CPU.Build.0 = Release|Any CPU
		{F19B2651-71CB-4E61-936C-6583A9B43EDE}.Debug|Any CPU.ActiveCfg = Debug|Any CPU
		{F19B2651-71CB-4E61-936C-6583A9B43EDE}.Debug|Any CPU.Build.0 = Debug|Any CPU
		{F19B2651-71CB-4E61-936C-6583A9B43EDE}.Release|Any CPU.ActiveCfg = Release|Any CPU
		{F19B2651-71CB-4E61-936C-6583A9B43EDE}.Release|Any CPU.Build.0 = Release|Any CPU
	EndGlobalSection
	GlobalSection(SolutionProperties) = preSolution
		HideSolutionNode = FALSE
	EndGlobalSection
	GlobalSection(ExtensibilityGlobals) = postSolution
		SolutionGuid = {4F333D9A-6C46-4F5F-B27F-F65EA8C4FDF5}
	EndGlobalSection
EndGlobal
