
Microsoft Visual Studio Solution File, Format Version 12.00
# Visual Studio Version 17
VisualStudioVersion = 17.0.31912.275
MinimumVisualStudioVersion = 10.0.40219.1
Project("{FAE04EC0-301F-11D3-BF4B-00C04F79EFBC}") = "InventoryApp", "InventoryApp\InventoryApp.csproj", "{1906DF8D-F319-406D-A68A-7DE12B88F113}"
EndProject
Project("{FAE04EC0-301F-11D3-BF4B-00C04F79EFBC}") = "InventoryApp.Tests", "InventoryApp.Tests\InventoryApp.Tests.csproj", "{FD089DDC-A0A2-482B-8A01-F5F79D055C96}"
EndProject
Global
	GlobalSection(SolutionConfigurationPlatforms) = preSolution
		Debug|Any CPU = Debug|Any CPU
		Release|Any CPU = Release|Any CPU
	EndGlobalSection
	GlobalSection(ProjectConfigurationPlatforms) = postSolution
		{1906DF8D-F319-406D-A68A-7DE12B88F113}.Debug|Any CPU.ActiveCfg = Debug|Any CPU
		{1906DF8D-F319-406D-A68A-7DE12B88F113}.Debug|Any CPU.Build.0 = Debug|Any CPU
		{1906DF8D-F319-406D-A68A-7DE12B88F113}.Release|Any CPU.ActiveCfg = Release|Any CPU
		{1906DF8D-F319-406D-A68A-7DE12B88F113}.Release|Any CPU.Build.0 = Release|Any CPU
		{FD089DDC-A0A2-482B-8A01-F5F79D055C96}.Debug|Any CPU.ActiveCfg = Debug|Any CPU
		{FD089DDC-A0A2-482B-8A01-F5F79D055C96}.Debug|Any CPU.Build.0 = Debug|Any CPU
		{FD089DDC-A0A2-482B-8A01-F5F79D055C96}.Release|Any CPU.ActiveCfg = Release|Any CPU
		{FD089DDC-A0A2-482B-8A01-F5F79D055C96}.Release|Any CPU.Build.0 = Release|Any CPU
	EndGlobalSection
	GlobalSection(SolutionProperties) = preSolution
		HideSolutionNode = FALSE
	EndGlobalSection
	GlobalSection(ExtensibilityGlobals) = postSolution
		SolutionGuid = {04D6D4AB-8B6F-48A7-AA85-DAC97B041BAD}
	EndGlobalSection
EndGlobal
